// !$*UTF8*$!
{
	archiveVersion = 1;
	classes = {
	};
	objectVersion = 50;
	objects = {

/* Begin PBXBuildFile section */
		141D105522B9ECA10008E727 /* AppDelegate.swift in Sources */ = {isa = PBXBuildFile; fileRef = 141D105422B9ECA10008E727 /* AppDelegate.swift */; };
		141D105722B9ECA10008E727 /* ViewController.swift in Sources */ = {isa = PBXBuildFile; fileRef = 141D105622B9ECA10008E727 /* ViewController.swift */; };
		141D105A22B9ECA10008E727 /* Main.storyboard in Resources */ = {isa = PBXBuildFile; fileRef = 141D105822B9ECA10008E727 /* Main.storyboard */; };
		141D105C22B9ECA30008E727 /* Assets.xcassets in Resources */ = {isa = PBXBuildFile; fileRef = 141D105B22B9ECA30008E727 /* Assets.xcassets */; };
		141D105F22B9ECA30008E727 /* LaunchScreen.storyboard in Resources */ = {isa = PBXBuildFile; fileRef = 141D105D22B9ECA30008E727 /* LaunchScreen.storyboard */; };
		141D106A22B9ECA40008E727 /* ToccaProjectTests.swift in Sources */ = {isa = PBXBuildFile; fileRef = 141D106922B9ECA40008E727 /* ToccaProjectTests.swift */; };
		141D107522B9ECA40008E727 /* ToccaProjectUITests.swift in Sources */ = {isa = PBXBuildFile; fileRef = 141D107422B9ECA40008E727 /* ToccaProjectUITests.swift */; };
		141D108322B9EE640008E727 /* CardViewController.swift in Sources */ = {isa = PBXBuildFile; fileRef = 141D108222B9EE640008E727 /* CardViewController.swift */; };
		141D108522B9F9510008E727 /* CurvedImageView.swift in Sources */ = {isa = PBXBuildFile; fileRef = 141D108422B9F9510008E727 /* CurvedImageView.swift */; };
/* End PBXBuildFile section */

/* Begin PBXContainerItemProxy section */
		141D106622B9ECA40008E727 /* PBXContainerItemProxy */ = {
			isa = PBXContainerItemProxy;
			containerPortal = 141D104922B9ECA10008E727 /* Project object */;
			proxyType = 1;
			remoteGlobalIDString = 141D105022B9ECA10008E727;
			remoteInfo = ToccaProject;
		};
		141D107122B9ECA40008E727 /* PBXContainerItemProxy */ = {
			isa = PBXContainerItemProxy;
			containerPortal = 141D104922B9ECA10008E727 /* Project object */;
			proxyType = 1;
			remoteGlobalIDString = 141D105022B9ECA10008E727;
			remoteInfo = ToccaProject;
		};
/* End PBXContainerItemProxy section */

/* Begin PBXFileReference section */
		141D105122B9ECA10008E727 /* ToccaProject.app */ = {isa = PBXFileReference; explicitFileType = wrapper.application; includeInIndex = 0; path = ToccaProject.app; sourceTree = BUILT_PRODUCTS_DIR; };
		141D105422B9ECA10008E727 /* AppDelegate.swift */ = {isa = PBXFileReference; lastKnownFileType = sourcecode.swift; path = AppDelegate.swift; sourceTree = "<group>"; };
		141D105622B9ECA10008E727 /* ViewController.swift */ = {isa = PBXFileReference; lastKnownFileType = sourcecode.swift; path = ViewController.swift; sourceTree = "<group>"; };
		141D105922B9ECA10008E727 /* Base */ = {isa = PBXFileReference; lastKnownFileType = file.storyboard; name = Base; path = Base.lproj/Main.storyboard; sourceTree = "<group>"; };
		141D105B22B9ECA30008E727 /* Assets.xcassets */ = {isa = PBXFileReference; lastKnownFileType = folder.assetcatalog; path = Assets.xcassets; sourceTree = "<group>"; };
		141D105E22B9ECA30008E727 /* Base */ = {isa = PBXFileReference; lastKnownFileType = file.storyboard; name = Base; path = Base.lproj/LaunchScreen.storyboard; sourceTree = "<group>"; };
		141D106022B9ECA30008E727 /* Info.plist */ = {isa = PBXFileReference; lastKnownFileType = text.plist.xml; path = Info.plist; sourceTree = "<group>"; };
		141D106522B9ECA40008E727 /* ToccaProjectTests.xctest */ = {isa = PBXFileReference; explicitFileType = wrapper.cfbundle; includeInIndex = 0; path = ToccaProjectTests.xctest; sourceTree = BUILT_PRODUCTS_DIR; };
		141D106922B9ECA40008E727 /* ToccaProjectTests.swift */ = {isa = PBXFileReference; lastKnownFileType = sourcecode.swift; path = ToccaProjectTests.swift; sourceTree = "<group>"; };
		141D106B22B9ECA40008E727 /* Info.plist */ = {isa = PBXFileReference; lastKnownFileType = text.plist.xml; path = Info.plist; sourceTree = "<group>"; };
		141D107022B9ECA40008E727 /* ToccaProjectUITests.xctest */ = {isa = PBXFileReference; explicitFileType = wrapper.cfbundle; includeInIndex = 0; path = ToccaProjectUITests.xctest; sourceTree = BUILT_PRODUCTS_DIR; };
		141D107422B9ECA40008E727 /* ToccaProjectUITests.swift */ = {isa = PBXFileReference; lastKnownFileType = sourcecode.swift; path = ToccaProjectUITests.swift; sourceTree = "<group>"; };
		141D107622B9ECA40008E727 /* Info.plist */ = {isa = PBXFileReference; lastKnownFileType = text.plist.xml; path = Info.plist; sourceTree = "<group>"; };
		141D108222B9EE640008E727 /* CardViewController.swift */ = {isa = PBXFileReference; lastKnownFileType = sourcecode.swift; path = CardViewController.swift; sourceTree = "<group>"; };
		141D108422B9F9510008E727 /* CurvedImageView.swift */ = {isa = PBXFileReference; lastKnownFileType = sourcecode.swift; path = CurvedImageView.swift; sourceTree = "<group>"; };
/* End PBXFileReference section */

/* Begin PBXFrameworksBuildPhase section */
		141D104E22B9ECA10008E727 /* Frameworks */ = {
			isa = PBXFrameworksBuildPhase;
			buildActionMask = 2147483647;
			files = (
			);
			runOnlyForDeploymentPostprocessing = 0;
		};
		141D106222B9ECA40008E727 /* Frameworks */ = {
			isa = PBXFrameworksBuildPhase;
			buildActionMask = 2147483647;
			files = (
			);
			runOnlyForDeploymentPostprocessing = 0;
		};
		141D106D22B9ECA40008E727 /* Frameworks */ = {
			isa = PBXFrameworksBuildPhase;
			buildActionMask = 2147483647;
			files = (
			);
			runOnlyForDeploymentPostprocessing = 0;
		};
/* End PBXFrameworksBuildPhase section */

/* Begin PBXGroup section */
		141D104822B9ECA10008E727 = {
			isa = PBXGroup;
			children = (
				141D105322B9ECA10008E727 /* ToccaProject */,
				141D106822B9ECA40008E727 /* ToccaProjectTests */,
				141D107322B9ECA40008E727 /* ToccaProjectUITests */,
				141D105222B9ECA10008E727 /* Products */,
			);
			sourceTree = "<group>";
		};
		141D105222B9ECA10008E727 /* Products */ = {
			isa = PBXGroup;
			children = (
				141D105122B9ECA10008E727 /* ToccaProject.app */,
				141D106522B9ECA40008E727 /* ToccaProjectTests.xctest */,
				141D107022B9ECA40008E727 /* ToccaProjectUITests.xctest */,
			);
			name = Products;
			sourceTree = "<group>";
		};
		141D105322B9ECA10008E727 /* ToccaProject */ = {
			isa = PBXGroup;
			children = (
				141D105422B9ECA10008E727 /* AppDelegate.swift */,
				141D105622B9ECA10008E727 /* ViewController.swift */,
				141D108222B9EE640008E727 /* CardViewController.swift */,
				141D108422B9F9510008E727 /* CurvedImageView.swift */,
				141D105822B9ECA10008E727 /* Main.storyboard */,
				141D105B22B9ECA30008E727 /* Assets.xcassets */,
				141D105D22B9ECA30008E727 /* LaunchScreen.storyboard */,
				141D106022B9ECA30008E727 /* Info.plist */,
			);
			path = ToccaProject;
			sourceTree = "<group>";
		};
		141D106822B9ECA40008E727 /* ToccaProjectTests */ = {
			isa = PBXGroup;
			children = (
				141D106922B9ECA40008E727 /* ToccaProjectTests.swift */,
				141D106B22B9ECA40008E727 /* Info.plist */,
			);
			path = ToccaProjectTests;
			sourceTree = "<group>";
		};
		141D107322B9ECA40008E727 /* ToccaProjectUITests */ = {
			isa = PBXGroup;
			children = (
				141D107422B9ECA40008E727 /* ToccaProjectUITests.swift */,
				141D107622B9ECA40008E727 /* Info.plist */,
			);
			path = ToccaProjectUITests;
			sourceTree = "<group>";
		};
/* End PBXGroup section */

/* Begin PBXNativeTarget section */
		141D105022B9ECA10008E727 /* ToccaProject */ = {
			isa = PBXNativeTarget;
			buildConfigurationList = 141D107922B9ECA40008E727 /* Build configuration list for PBXNativeTarget "ToccaProject" */;
			buildPhases = (
				141D104D22B9ECA10008E727 /* Sources */,
				141D104E22B9ECA10008E727 /* Frameworks */,
				141D104F22B9ECA10008E727 /* Resources */,
			);
			buildRules = (
			);
			dependencies = (
			);
			name = ToccaProject;
			productName = ToccaProject;
			productReference = 141D105122B9ECA10008E727 /* ToccaProject.app */;
			productType = "com.apple.product-type.application";
		};
		141D106422B9ECA40008E727 /* ToccaProjectTests */ = {
			isa = PBXNativeTarget;
			buildConfigurationList = 141D107C22B9ECA40008E727 /* Build configuration list for PBXNativeTarget "ToccaProjectTests" */;
			buildPhases = (
				141D106122B9ECA40008E727 /* Sources */,
				141D106222B9ECA40008E727 /* Frameworks */,
				141D106322B9ECA40008E727 /* Resources */,
			);
			buildRules = (
			);
			dependencies = (
				141D106722B9ECA40008E727 /* PBXTargetDependency */,
			);
			name = ToccaProjectTests;
			productName = ToccaProjectTests;
			productReference = 141D106522B9ECA40008E727 /* ToccaProjectTests.xctest */;
			productType = "com.apple.product-type.bundle.unit-test";
		};
		141D106F22B9ECA40008E727 /* ToccaProjectUITests */ = {
			isa = PBXNativeTarget;
			buildConfigurationList = 141D107F22B9ECA40008E727 /* Build configuration list for PBXNativeTarget "ToccaProjectUITests" */;
			buildPhases = (
				141D106C22B9ECA40008E727 /* Sources */,
				141D106D22B9ECA40008E727 /* Frameworks */,
				141D106E22B9ECA40008E727 /* Resources */,
			);
			buildRules = (
			);
			dependencies = (
				141D107222B9ECA40008E727 /* PBXTargetDependency */,
			);
			name = ToccaProjectUITests;
			productName = ToccaProjectUITests;
			productReference = 141D107022B9ECA40008E727 /* ToccaProjectUITests.xctest */;
			productType = "com.apple.product-type.bundle.ui-testing";
		};
/* End PBXNativeTarget section */

/* Begin PBXProject section */
		141D104922B9ECA10008E727 /* Project object */ = {
			isa = PBXProject;
			attributes = {
				LastSwiftUpdateCheck = 1020;
				LastUpgradeCheck = 1020;
				ORGANIZATIONNAME = "Maksym Voskresenskyy";
				TargetAttributes = {
					141D105022B9ECA10008E727 = {
						CreatedOnToolsVersion = 10.2;
					};
					141D106422B9ECA40008E727 = {
						CreatedOnToolsVersion = 10.2;
						TestTargetID = 141D105022B9ECA10008E727;
					};
					141D106F22B9ECA40008E727 = {
						CreatedOnToolsVersion = 10.2;
						TestTargetID = 141D105022B9ECA10008E727;
					};
				};
			};
			buildConfigurationList = 141D104C22B9ECA10008E727 /* Build configuration list for PBXProject "ToccaProject" */;
			compatibilityVersion = "Xcode 9.3";
			developmentRegion = en;
			hasScannedForEncodings = 0;
			knownRegions = (
				en,
				Base,
			);
			mainGroup = 141D104822B9ECA10008E727;
			productRefGroup = 141D105222B9ECA10008E727 /* Products */;
			projectDirPath = "";
			projectRoot = "";
			targets = (
				141D105022B9ECA10008E727 /* ToccaProject */,
				141D106422B9ECA40008E727 /* ToccaProjectTests */,
				141D106F22B9ECA40008E727 /* ToccaProjectUITests */,
			);
		};
/* End PBXProject section */

/* Begin PBXResourcesBuildPhase section */
		141D104F22B9ECA10008E727 /* Resources */ = {
			isa = PBXResourcesBuildPhase;
			buildActionMask = 2147483647;
			files = (
				141D105F22B9ECA30008E727 /* LaunchScreen.storyboard in Resources */,
				141D105C22B9ECA30008E727 /* Assets.xcassets in Resources */,
				141D105A22B9ECA10008E727 /* Main.storyboard in Resources */,
			);
			runOnlyForDeploymentPostprocessing = 0;
		};
		141D106322B9ECA40008E727 /* Resources */ = {
			isa = PBXResourcesBuildPhase;
			buildActionMask = 2147483647;
			files = (
			);
			runOnlyForDeploymentPostprocessing = 0;
		};
		141D106E22B9ECA40008E727 /* Resources */ = {
			isa = PBXResourcesBuildPhase;
			buildActionMask = 2147483647;
			files = (
			);
			runOnlyForDeploymentPostprocessing = 0;
		};
/* End PBXResourcesBuildPhase section */

/* Begin PBXSourcesBuildPhase section */
		141D104D22B9ECA10008E727 /* Sources */ = {
			isa = PBXSourcesBuildPhase;
			buildActionMask = 2147483647;
			files = (
				141D105722B9ECA10008E727 /* ViewController.swift in Sources */,
				141D105522B9ECA10008E727 /* AppDelegate.swift in Sources */,
				141D108322B9EE640008E727 /* CardViewController.swift in Sources */,
				141D108522B9F9510008E727 /* CurvedImageView.swift in Sources */,
			);
			runOnlyForDeploymentPostprocessing = 0;
		};
		141D106122B9ECA40008E727 /* Sources */ = {
			isa = PBXSourcesBuildPhase;
			buildActionMask = 2147483647;
			files = (
				141D106A22B9ECA40008E727 /* ToccaProjectTests.swift in Sources */,
			);
			runOnlyForDeploymentPostprocessing = 0;
		};
		141D106C22B9ECA40008E727 /* Sources */ = {
			isa = PBXSourcesBuildPhase;
			buildActionMask = 2147483647;
			files = (
				141D107522B9ECA40008E727 /* ToccaProjectUITests.swift in Sources */,
			);
			runOnlyForDeploymentPostprocessing = 0;
		};
/* End PBXSourcesBuildPhase section */

/* Begin PBXTargetDependency section */
		141D106722B9ECA40008E727 /* PBXTargetDependency */ = {
			isa = PBXTargetDependency;
			target = 141D105022B9ECA10008E727 /* ToccaProject */;
			targetProxy = 141D106622B9ECA40008E727 /* PBXContainerItemProxy */;
		};
		141D107222B9ECA40008E727 /* PBXTargetDependency */ = {
			isa = PBXTargetDependency;
			target = 141D105022B9ECA10008E727 /* ToccaProject */;
			targetProxy = 141D107122B9ECA40008E727 /* PBXContainerItemProxy */;
		};
/* End PBXTargetDependency section */

/* Begin PBXVariantGroup section */
		141D105822B9ECA10008E727 /* Main.storyboard */ = {
			isa = PBXVariantGroup;
			children = (
				141D105922B9ECA10008E727 /* Base */,
			);
			name = Main.storyboard;
			sourceTree = "<group>";
		};
		141D105D22B9ECA30008E727 /* LaunchScreen.storyboard */ = {
			isa = PBXVariantGroup;
			children = (
				141D105E22B9ECA30008E727 /* Base */,
			);
			name = LaunchScreen.storyboard;
			sourceTree = "<group>";
		};
/* End PBXVariantGroup section */

/* Begin XCBuildConfiguration section */
		141D107722B9ECA40008E727 /* Debug */ = {
			isa = XCBuildConfiguration;
			buildSettings = {
				ALWAYS_SEARCH_USER_PATHS = NO;
				CLANG_ANALYZER_NONNULL = YES;
				CLANG_ANALYZER_NUMBER_OBJECT_CONVERSION = YES_AGGRESSIVE;
				CLANG_CXX_LANGUAGE_STANDARD = "gnu++14";
				CLANG_CXX_LIBRARY = "libc++";
				CLANG_ENABLE_MODULES = YES;
				CLANG_ENABLE_OBJC_ARC = YES;
				CLANG_ENABLE_OBJC_WEAK = YES;
				CLANG_WARN_BLOCK_CAPTURE_AUTORELEASING = YES;
				CLANG_WARN_BOOL_CONVERSION = YES;
				CLANG_WARN_COMMA = YES;
				CLANG_WARN_CONSTANT_CONVERSION = YES;
				CLANG_WARN_DEPRECATED_OBJC_IMPLEMENTATIONS = YES;
				CLANG_WARN_DIRECT_OBJC_ISA_USAGE = YES_ERROR;
				CLANG_WARN_DOCUMENTATION_COMMENTS = YES;
				CLANG_WARN_EMPTY_BODY = YES;
				CLANG_WARN_ENUM_CONVERSION = YES;
				CLANG_WARN_INFINITE_RECURSION = YES;
				CLANG_WARN_INT_CONVERSION = YES;
				CLANG_WARN_NON_LITERAL_NULL_CONVERSION = YES;
				CLANG_WARN_OBJC_IMPLICIT_RETAIN_SELF = YES;
				CLANG_WARN_OBJC_LITERAL_CONVERSION = YES;
				CLANG_WARN_OBJC_ROOT_CLASS = YES_ERROR;
				CLANG_WARN_RANGE_LOOP_ANALYSIS = YES;
				CLANG_WARN_STRICT_PROTOTYPES = YES;
				CLANG_WARN_SUSPICIOUS_MOVE = YES;
				CLANG_WARN_UNGUARDED_AVAILABILITY = YES_AGGRESSIVE;
				CLANG_WARN_UNREACHABLE_CODE = YES;
				CLANG_WARN__DUPLICATE_METHOD_MATCH = YES;
				CODE_SIGN_IDENTITY = "iPhone Developer";
				COPY_PHASE_STRIP = NO;
				DEBUG_INFORMATION_FORMAT = dwarf;
				ENABLE_STRICT_OBJC_MSGSEND = YES;
				ENABLE_TESTABILITY = YES;
				GCC_C_LANGUAGE_STANDARD = gnu11;
				GCC_DYNAMIC_NO_PIC = NO;
				GCC_NO_COMMON_BLOCKS = YES;
				GCC_OPTIMIZATION_LEVEL = 0;
				GCC_PREPROCESSOR_DEFINITIONS = (
					"DEBUG=1",
					"$(inherited)",
				);
				GCC_WARN_64_TO_32_BIT_CONVERSION = YES;
				GCC_WARN_ABOUT_RETURN_TYPE = YES_ERROR;
				GCC_WARN_UNDECLARED_SELECTOR = YES;
				GCC_WARN_UNINITIALIZED_AUTOS = YES_AGGRESSIVE;
				GCC_WARN_UNUSED_FUNCTION = YES;
				GCC_WARN_UNUSED_VARIABLE = YES;
				IPHONEOS_DEPLOYMENT_TARGET = 12.2;
				MTL_ENABLE_DEBUG_INFO = INCLUDE_SOURCE;
				MTL_FAST_MATH = YES;
				ONLY_ACTIVE_ARCH = YES;
				SDKROOT = iphoneos;
				SWIFT_ACTIVE_COMPILATION_CONDITIONS = DEBUG;
				SWIFT_OPTIMIZATION_LEVEL = "-Onone";
			};
			name = Debug;
		};
		141D107822B9ECA40008E727 /* Release */ = {
			isa = XCBuildConfiguration;
			buildSettings = {
				ALWAYS_SEARCH_USER_PATHS = NO;
				CLANG_ANALYZER_NONNULL = YES;
				CLANG_ANALYZER_NUMBER_OBJECT_CONVERSION = YES_AGGRESSIVE;
				CLANG_CXX_LANGUAGE_STANDARD = "gnu++14";
				CLANG_CXX_LIBRARY = "libc++";
				CLANG_ENABLE_MODULES = YES;
				CLANG_ENABLE_OBJC_ARC = YES;
				CLANG_ENABLE_OBJC_WEAK = YES;
				CLANG_WARN_BLOCK_CAPTURE_AUTORELEASING = YES;
				CLANG_WARN_BOOL_CONVERSION = YES;
				CLANG_WARN_COMMA = YES;
				CLANG_WARN_CONSTANT_CONVERSION = YES;
				CLANG_WARN_DEPRECATED_OBJC_IMPLEMENTATIONS = YES;
				CLANG_WARN_DIRECT_OBJC_ISA_USAGE = YES_ERROR;
				CLANG_WARN_DOCUMENTATION_COMMENTS = YES;
				CLANG_WARN_EMPTY_BODY = YES;
				CLANG_WARN_ENUM_CONVERSION = YES;
				CLANG_WARN_INFINITE_RECURSION = YES;
				CLANG_WARN_INT_CONVERSION = YES;
				CLANG_WARN_NON_LITERAL_NULL_CONVERSION = YES;
				CLANG_WARN_OBJC_IMPLICIT_RETAIN_SELF = YES;
				CLANG_WARN_OBJC_LITERAL_CONVERSION = YES;
				CLANG_WARN_OBJC_ROOT_CLASS = YES_ERROR;
				CLANG_WARN_RANGE_LOOP_ANALYSIS = YES;
				CLANG_WARN_STRICT_PROTOTYPES = YES;
				CLANG_WARN_SUSPICIOUS_MOVE = YES;
				CLANG_WARN_UNGUARDED_AVAILABILITY = YES_AGGRESSIVE;
				CLANG_WARN_UNREACHABLE_CODE = YES;
				CLANG_WARN__DUPLICATE_METHOD_MATCH = YES;
				CODE_SIGN_IDENTITY = "iPhone Developer";
				COPY_PHASE_STRIP = NO;
				DEBUG_INFORMATION_FORMAT = "dwarf-with-dsym";
				ENABLE_NS_ASSERTIONS = NO;
				ENABLE_STRICT_OBJC_MSGSEND = YES;
				GCC_C_LANGUAGE_STANDARD = gnu11;
				GCC_NO_COMMON_BLOCKS = YES;
				GCC_WARN_64_TO_32_BIT_CONVERSION = YES;
				GCC_WARN_ABOUT_RETURN_TYPE = YES_ERROR;
				GCC_WARN_UNDECLARED_SELECTOR = YES;
				GCC_WARN_UNINITIALIZED_AUTOS = YES_AGGRESSIVE;
				GCC_WARN_UNUSED_FUNCTION = YES;
				GCC_WARN_UNUSED_VARIABLE = YES;
				IPHONEOS_DEPLOYMENT_TARGET = 12.2;
				MTL_ENABLE_DEBUG_INFO = NO;
				MTL_FAST_MATH = YES;
				SDKROOT = iphoneos;
				SWIFT_COMPILATION_MODE = wholemodule;
				SWIFT_OPTIMIZATION_LEVEL = "-O";
				VALIDATE_PRODUCT = YES;
			};
			name = Release;
		};
		141D107A22B9ECA40008E727 /* Debug */ = {
			isa = XCBuildConfiguration;
			buildSettings = {
				ASSETCATALOG_COMPILER_APPICON_NAME = AppIcon;
				CODE_SIGN_STYLE = Automatic;
				DEVELOPMENT_TEAM = JATHMZ8R82;
				INFOPLIST_FILE = ToccaProject/Info.plist;
				LD_RUNPATH_SEARCH_PATHS = (
					"$(inherited)",
					"@executable_path/Frameworks",
				);
				PRODUCT_BUNDLE_IDENTIFIER = com.MaksymVoskresenskyy.ToccaProject;
				PRODUCT_NAME = "$(TARGET_NAME)";
				SWIFT_VERSION = 5.0;
				TARGETED_DEVICE_FAMILY = "1,2";
			};
			name = Debug;
		};
		141D107B22B9ECA40008E727 /* Release */ = {
			isa = XCBuildConfiguration;
			buildSettings = {
				ASSETCATALOG_COMPILER_APPICON_NAME = AppIcon;
				CODE_SIGN_STYLE = Automatic;
				DEVELOPMENT_TEAM = JATHMZ8R82;
				INFOPLIST_FILE = ToccaProject/Info.plist;
				LD_RUNPATH_SEARCH_PATHS = (
					"$(inherited)",
					"@executable_path/Frameworks",
				);
				PRODUCT_BUNDLE_IDENTIFIER = com.MaksymVoskresenskyy.ToccaProject;
				PRODUCT_NAME = "$(TARGET_NAME)";
				SWIFT_VERSION = 5.0;
				TARGETED_DEVICE_FAMILY = "1,2";
			};
			name = Release;
		};
		141D107D22B9ECA40008E727 /* Debug */ = {
			isa = XCBuildConfiguration;
			buildSettings = {
				ALWAYS_EMBED_SWIFT_STANDARD_LIBRARIES = YES;
				BUNDLE_LOADER = "$(TEST_HOST)";
				CODE_SIGN_STYLE = Automatic;
				DEVELOPMENT_TEAM = JATHMZ8R82;
				INFOPLIST_FILE = ToccaProjectTests/Info.plist;
				LD_RUNPATH_SEARCH_PATHS = (
					"$(inherited)",
					"@executable_path/Frameworks",
					"@loader_path/Frameworks",
				);
				PRODUCT_BUNDLE_IDENTIFIER = com.MaksymVoskresenskyy.ToccaProjectTests;
				PRODUCT_NAME = "$(TARGET_NAME)";
				SWIFT_VERSION = 5.0;
				TARGETED_DEVICE_FAMILY = "1,2";
				TEST_HOST = "$(BUILT_PRODUCTS_DIR)/ToccaProject.app/ToccaProject";
			};
			name = Debug;
		};
		141D107E22B9ECA40008E727 /* Release */ = {
			isa = XCBuildConfiguration;
			buildSettings = {
				ALWAYS_EMBED_SWIFT_STANDARD_LIBRARIES = YES;
				BUNDLE_LOADER = "$(TEST_HOST)";
				CODE_SIGN_STYLE = Automatic;
				DEVELOPMENT_TEAM = JATHMZ8R82;
				INFOPLIST_FILE = ToccaProjectTests/Info.plist;
				LD_RUNPATH_SEARCH_PATHS = (
					"$(inherited)",
					"@executable_path/Frameworks",
					"@loader_path/Frameworks",
				);
				PRODUCT_BUNDLE_IDENTIFIER = com.MaksymVoskresenskyy.ToccaProjectTests;
				PRODUCT_NAME = "$(TARGET_NAME)";
				SWIFT_VERSION = 5.0;
				TARGETED_DEVICE_FAMILY = "1,2";
				TEST_HOST = "$(BUILT_PRODUCTS_DIR)/ToccaProject.app/ToccaProject";
			};
			name = Release;
		};
		141D108022B9ECA40008E727 /* Debug */ = {
			isa = XCBuildConfiguration;
			buildSettings = {
				ALWAYS_EMBED_SWIFT_STANDARD_LIBRARIES = YES;
				CODE_SIGN_STYLE = Automatic;
				DEVELOPMENT_TEAM = JATHMZ8R82;
				INFOPLIST_FILE = ToccaProjectUITests/Info.plist;
				LD_RUNPATH_SEARCH_PATHS = (
					"$(inherited)",
					"@executable_path/Frameworks",
					"@loader_path/Frameworks",
				);
				PRODUCT_BUNDLE_IDENTIFIER = com.MaksymVoskresenskyy.ToccaProjectUITests;
				PRODUCT_NAME = "$(TARGET_NAME)";
				SWIFT_VERSION = 5.0;
				TARGETED_DEVICE_FAMILY = "1,2";
				TEST_TARGET_NAME = ToccaProject;
			};
			name = Debug;
		};
		141D108122B9ECA40008E727 /* Release */ = {
			isa = XCBuildConfiguration;
			buildSettings = {
				ALWAYS_EMBED_SWIFT_STANDARD_LIBRARIES = YES;
				CODE_SIGN_STYLE = Automatic;
				DEVELOPMENT_TEAM = JATHMZ8R82;
				INFOPLIST_FILE = ToccaProjectUITests/Info.plist;
				LD_RUNPATH_SEARCH_PATHS = (
					"$(inherited)",
					"@executable_path/Frameworks",
					"@loader_path/Frameworks",
				);
				PRODUCT_BUNDLE_IDENTIFIER = com.MaksymVoskresenskyy.ToccaProjectUITests;
				PRODUCT_NAME = "$(TARGET_NAME)";
				SWIFT_VERSION = 5.0;
				TARGETED_DEVICE_FAMILY = "1,2";
				TEST_TARGET_NAME = ToccaProject;
			};
			name = Release;
		};
/* End XCBuildConfiguration section */

/* Begin XCConfigurationList section */
		141D104C22B9ECA10008E727 /* Build configuration list for PBXProject "ToccaProject" */ = {
			isa = XCConfigurationList;
			buildConfigurations = (
				141D107722B9ECA40008E727 /* Debug */,
				141D107822B9ECA40008E727 /* Release */,
			);
			defaultConfigurationIsVisible = 0;
			defaultConfigurationName = Release;
		};
		141D107922B9ECA40008E727 /* Build configuration list for PBXNativeTarget "ToccaProject" */ = {
			isa = XCConfigurationList;
			buildConfigurations = (
				141D107A22B9ECA40008E727 /* Debug */,
				141D107B22B9ECA40008E727 /* Release */,
			);
			defaultConfigurationIsVisible = 0;
			defaultConfigurationName = Release;
		};
		141D107C22B9ECA40008E727 /* Build configuration list for PBXNativeTarget "ToccaProjectTests" */ = {
			isa = XCConfigurationList;
			buildConfigurations = (
				141D107D22B9ECA40008E727 /* Debug */,
				141D107E22B9ECA40008E727 /* Release */,
			);
			defaultConfigurationIsVisible = 0;
			defaultConfigurationName = Release;
		};
		141D107F22B9ECA40008E727 /* Build configuration list for PBXNativeTarget "ToccaProjectUITests" */ = {
			isa = XCConfigurationList;
			buildConfigurations = (
				141D108022B9ECA40008E727 /* Debug */,
				141D108122B9ECA40008E727 /* Release */,
			);
			defaultConfigurationIsVisible = 0;
			defaultConfigurationName = Release;
		};
/* End XCConfigurationList section */
	};
	rootObject = 141D104922B9ECA10008E727 /* Project object */;
}
